
Microsoft Visual Studio Solution File, Format Version 12.00
Project("{2150E333-8FDC-42A3-9474-1A3956D46DE8}") = "2 - Service", "2 - Service", "{F77A5CBE-E0B7-4DB4-845E-5AC0E39F72BD}"
EndProject
Project("{2150E333-8FDC-42A3-9474-1A3956D46DE8}") = "3 - Domain", "3 - Domain", "{8B1BEA5F-9084-4B62-BDDB-C366EF937AA8}"
EndProject
Project("{2150E333-8FDC-42A3-9474-1A3956D46DE8}") = "4 - Infrastructure", "4 - Infrastructure", "{96B63383-6ABF-4B7E-B44C-C933300C3594}"
EndProject
Project("{2150E333-8FDC-42A3-9474-1A3956D46DE8}") = "999 - Tests", "999 - Tests", "{C0E19E97-A9D2-419C-9F78-9F0644017DCC}"
EndProject
Project("{FAE04EC0-301F-11D3-BF4B-00C04F79EFBC}") = "RPA.Alura.Infrastructure", "RPA.Alura.Infrastructure\RPA.Alura.Infrastructure.csproj", "{676F7B6A-D2C6-45CA-AF4C-20E68EF6FEBF}"
EndProject
Project("{FAE04EC0-301F-11D3-BF4B-00C04F79EFBC}") = "RPA.Alura.Domain", "RPA.Alura.Domain\RPA.Alura.Domain.csproj", "{033F2FB5-1AC7-469E-89A0-BD5FFB7ACFBF}"
EndProject
Project("{FAE04EC0-301F-11D3-BF4B-00C04F79EFBC}") = "RPA.Alura.Services", "RPA.Alura.Services\RPA.Alura.Services.csproj", "{B38EA025-65EE-4427-BB3F-8315CB6A74B3}"
EndProject
Project("{2150E333-8FDC-42A3-9474-1A3956D46DE8}") = "5 - Shared", "5 - Shared", "{7A8F8ED5-A56B-4B76-A2C3-CD41CC70E1E3}"
EndProject
Project("{FAE04EC0-301F-11D3-BF4B-00C04F79EFBC}") = "RPA.Alura.Shared", "RPA.Alura.Shared\RPA.Alura.Shared.csproj", "{481586C9-3A9D-4CFD-8CFB-5D35FE00909B}"
EndProject
Project("{FAE04EC0-301F-11D3-BF4B-00C04F79EFBC}") = "RPA.Alura.Tests", "RPA.Alura.Tests\RPA.Alura.Tests.csproj", "{E6EBED78-B4EF-49BD-BED8-6E3939D24233}"
EndProject
Project("{2150E333-8FDC-42A3-9474-1A3956D46DE8}") = "1 - Application", "1 - Application", "{7C1461E2-F852-481C-9468-D5241E3A0D70}"
EndProject
Project("{FAE04EC0-301F-11D3-BF4B-00C04F79EFBC}") = "RPA.Alura.Application", "RPA.Alura.Application\RPA.Alura.Application.csproj", "{E7F31820-03AB-4836-8822-E732B18FF699}"
EndProject
Global
	GlobalSection(SolutionConfigurationPlatforms) = preSolution
		Debug|Any CPU = Debug|Any CPU
		Release|Any CPU = Release|Any CPU
	EndGlobalSection
	GlobalSection(NestedProjects) = preSolution
		{676F7B6A-D2C6-45CA-AF4C-20E68EF6FEBF} = {96B63383-6ABF-4B7E-B44C-C933300C3594}
		{033F2FB5-1AC7-469E-89A0-BD5FFB7ACFBF} = {8B1BEA5F-9084-4B62-BDDB-C366EF937AA8}
		{B38EA025-65EE-4427-BB3F-8315CB6A74B3} = {F77A5CBE-E0B7-4DB4-845E-5AC0E39F72BD}
		{481586C9-3A9D-4CFD-8CFB-5D35FE00909B} = {7A8F8ED5-A56B-4B76-A2C3-CD41CC70E1E3}
		{E6EBED78-B4EF-49BD-BED8-6E3939D24233} = {C0E19E97-A9D2-419C-9F78-9F0644017DCC}
		{E7F31820-03AB-4836-8822-E732B18FF699} = {7C1461E2-F852-481C-9468-D5241E3A0D70}
	EndGlobalSection
	GlobalSection(ProjectConfigurationPlatforms) = postSolution
		{676F7B6A-D2C6-45CA-AF4C-20E68EF6FEBF}.Debug|Any CPU.ActiveCfg = Debug|Any CPU
		{676F7B6A-D2C6-45CA-AF4C-20E68EF6FEBF}.Debug|Any CPU.Build.0 = Debug|Any CPU
		{676F7B6A-D2C6-45CA-AF4C-20E68EF6FEBF}.Release|Any CPU.ActiveCfg = Release|Any CPU
		{676F7B6A-D2C6-45CA-AF4C-20E68EF6FEBF}.Release|Any CPU.Build.0 = Release|Any CPU
		{033F2FB5-1AC7-469E-89A0-BD5FFB7ACFBF}.Debug|Any CPU.ActiveCfg = Debug|Any CPU
		{033F2FB5-1AC7-469E-89A0-BD5FFB7ACFBF}.Debug|Any CPU.Build.0 = Debug|Any CPU
		{033F2FB5-1AC7-469E-89A0-BD5FFB7ACFBF}.Release|Any CPU.ActiveCfg = Release|Any CPU
		{033F2FB5-1AC7-469E-89A0-BD5FFB7ACFBF}.Release|Any CPU.Build.0 = Release|Any CPU
		{B38EA025-65EE-4427-BB3F-8315CB6A74B3}.Debug|Any CPU.ActiveCfg = Debug|Any CPU
		{B38EA025-65EE-4427-BB3F-8315CB6A74B3}.Debug|Any CPU.Build.0 = Debug|Any CPU
		{B38EA025-65EE-4427-BB3F-8315CB6A74B3}.Release|Any CPU.ActiveCfg = Release|Any CPU
		{B38EA025-65EE-4427-BB3F-8315CB6A74B3}.Release|Any CPU.Build.0 = Release|Any CPU
		{481586C9-3A9D-4CFD-8CFB-5D35FE00909B}.Debug|Any CPU.ActiveCfg = Debug|Any CPU
		{481586C9-3A9D-4CFD-8CFB-5D35FE00909B}.Debug|Any CPU.Build.0 = Debug|Any CPU
		{481586C9-3A9D-4CFD-8CFB-5D35FE00909B}.Release|Any CPU.ActiveCfg = Release|Any CPU
		{481586C9-3A9D-4CFD-8CFB-5D35FE00909B}.Release|Any CPU.Build.0 = Release|Any CPU
		{E6EBED78-B4EF-49BD-BED8-6E3939D24233}.Debug|Any CPU.ActiveCfg = Debug|Any CPU
		{E6EBED78-B4EF-49BD-BED8-6E3939D24233}.Debug|Any CPU.Build.0 = Debug|Any CPU
		{E6EBED78-B4EF-49BD-BED8-6E3939D24233}.Release|Any CPU.ActiveCfg = Release|Any CPU
		{E6EBED78-B4EF-49BD-BED8-6E3939D24233}.Release|Any CPU.Build.0 = Release|Any CPU
		{E7F31820-03AB-4836-8822-E732B18FF699}.Debug|Any CPU.ActiveCfg = Debug|Any CPU
		{E7F31820-03AB-4836-8822-E732B18FF699}.Debug|Any CPU.Build.0 = Debug|Any CPU
		{E7F31820-03AB-4836-8822-E732B18FF699}.Release|Any CPU.ActiveCfg = Release|Any CPU
		{E7F31820-03AB-4836-8822-E732B18FF699}.Release|Any CPU.Build.0 = Release|Any CPU
	EndGlobalSection
EndGlobal
